// !$*UTF8*$!
{
	archiveVersion = 1;
	classes = {
	};
	objectVersion = 51;
	objects = {

/* Begin PBXBuildFile section */
		244B0BD225F99E38001A71EB /* AppDelegate.swift in Sources */ = {isa = PBXBuildFile; fileRef = 244B0BD125F99E38001A71EB /* AppDelegate.swift */; };
		244B0BD425F99E38001A71EB /* SceneDelegate.swift in Sources */ = {isa = PBXBuildFile; fileRef = 244B0BD325F99E38001A71EB /* SceneDelegate.swift */; };
		244B0BD625F99E38001A71EB /* ViewController.swift in Sources */ = {isa = PBXBuildFile; fileRef = 244B0BD525F99E38001A71EB /* ViewController.swift */; };
		244B0BD925F99E38001A71EB /* Main.storyboard in Resources */ = {isa = PBXBuildFile; fileRef = 244B0BD725F99E38001A71EB /* Main.storyboard */; };
		244B0BDB25F99E39001A71EB /* Assets.xcassets in Resources */ = {isa = PBXBuildFile; fileRef = 244B0BDA25F99E39001A71EB /* Assets.xcassets */; };
		244B0BDE25F99E39001A71EB /* LaunchScreen.storyboard in Resources */ = {isa = PBXBuildFile; fileRef = 244B0BDC25F99E39001A71EB /* LaunchScreen.storyboard */; };
		244B0BEB25F9DC68001A71EB /* Profile.storyboard in Resources */ = {isa = PBXBuildFile; fileRef = 244B0BEA25F9DC68001A71EB /* Profile.storyboard */; };
		244B0BEE25F9DC72001A71EB /* Homepage.storyboard in Resources */ = {isa = PBXBuildFile; fileRef = 244B0BED25F9DC72001A71EB /* Homepage.storyboard */; };
		244B0BF125F9DC7D001A71EB /* Orders.storyboard in Resources */ = {isa = PBXBuildFile; fileRef = 244B0BF025F9DC7D001A71EB /* Orders.storyboard */; };
		244B0BF525F9E12B001A71EB /* LoginRegister.storyboard in Resources */ = {isa = PBXBuildFile; fileRef = 244B0BF425F9E12B001A71EB /* LoginRegister.storyboard */; };
		24FBC8C1260024590015238A /* OrderTableViewController.swift in Sources */ = {isa = PBXBuildFile; fileRef = 24FBC8C0260024590015238A /* OrderTableViewController.swift */; };
		24FBC8C5260024870015238A /* OrderModel.swift in Sources */ = {isa = PBXBuildFile; fileRef = 24FBC8C4260024870015238A /* OrderModel.swift */; };
		24FBC8CA2600260B0015238A /* OrderTableViewCell.swift in Sources */ = {isa = PBXBuildFile; fileRef = 24FBC8C92600260B0015238A /* OrderTableViewCell.swift */; };
		24FBC8CE26002E2C0015238A /* OrderDetailViewController.swift in Sources */ = {isa = PBXBuildFile; fileRef = 24FBC8CD26002E2C0015238A /* OrderDetailViewController.swift */; };
		24FE7A5125FC3674005B965A /* LoginTableViewController.swift in Sources */ = {isa = PBXBuildFile; fileRef = 24FE7A5025FC3674005B965A /* LoginTableViewController.swift */; };
		24FE7A5525FC4052005B965A /* GHConstants.swift in Sources */ = {isa = PBXBuildFile; fileRef = 24FE7A5425FC4052005B965A /* GHConstants.swift */; };
		5DD4E490803F6DB57800990A /* Pods_GimmeAHand.framework in Frameworks */ = {isa = PBXBuildFile; fileRef = 6D32366F83A0723644BE5ACB /* Pods_GimmeAHand.framework */; };
/* End PBXBuildFile section */

/* Begin PBXFileReference section */
		244B0BCE25F99E38001A71EB /* GimmeAHand.app */ = {isa = PBXFileReference; explicitFileType = wrapper.application; includeInIndex = 0; path = GimmeAHand.app; sourceTree = BUILT_PRODUCTS_DIR; };
		244B0BD125F99E38001A71EB /* AppDelegate.swift */ = {isa = PBXFileReference; lastKnownFileType = sourcecode.swift; path = AppDelegate.swift; sourceTree = "<group>"; };
		244B0BD325F99E38001A71EB /* SceneDelegate.swift */ = {isa = PBXFileReference; lastKnownFileType = sourcecode.swift; path = SceneDelegate.swift; sourceTree = "<group>"; };
		244B0BD525F99E38001A71EB /* ViewController.swift */ = {isa = PBXFileReference; lastKnownFileType = sourcecode.swift; path = ViewController.swift; sourceTree = "<group>"; };
		244B0BD825F99E38001A71EB /* Base */ = {isa = PBXFileReference; lastKnownFileType = file.storyboard; name = Base; path = Base.lproj/Main.storyboard; sourceTree = "<group>"; };
		244B0BDA25F99E39001A71EB /* Assets.xcassets */ = {isa = PBXFileReference; lastKnownFileType = folder.assetcatalog; path = Assets.xcassets; sourceTree = "<group>"; };
		244B0BDD25F99E39001A71EB /* Base */ = {isa = PBXFileReference; lastKnownFileType = file.storyboard; name = Base; path = Base.lproj/LaunchScreen.storyboard; sourceTree = "<group>"; };
		244B0BDF25F99E39001A71EB /* Info.plist */ = {isa = PBXFileReference; lastKnownFileType = text.plist.xml; path = Info.plist; sourceTree = "<group>"; };
		244B0BEA25F9DC68001A71EB /* Profile.storyboard */ = {isa = PBXFileReference; lastKnownFileType = file.storyboard; path = Profile.storyboard; sourceTree = "<group>"; };
		244B0BED25F9DC72001A71EB /* Homepage.storyboard */ = {isa = PBXFileReference; lastKnownFileType = file.storyboard; path = Homepage.storyboard; sourceTree = "<group>"; };
		244B0BF025F9DC7D001A71EB /* Orders.storyboard */ = {isa = PBXFileReference; lastKnownFileType = file.storyboard; path = Orders.storyboard; sourceTree = "<group>"; };
		244B0BF425F9E12B001A71EB /* LoginRegister.storyboard */ = {isa = PBXFileReference; lastKnownFileType = file.storyboard; path = LoginRegister.storyboard; sourceTree = "<group>"; };
		24FBC8C0260024590015238A /* OrderTableViewController.swift */ = {isa = PBXFileReference; lastKnownFileType = sourcecode.swift; path = OrderTableViewController.swift; sourceTree = "<group>"; };
		24FBC8C4260024870015238A /* OrderModel.swift */ = {isa = PBXFileReference; lastKnownFileType = sourcecode.swift; path = OrderModel.swift; sourceTree = "<group>"; };
		24FBC8C92600260B0015238A /* OrderTableViewCell.swift */ = {isa = PBXFileReference; lastKnownFileType = sourcecode.swift; path = OrderTableViewCell.swift; sourceTree = "<group>"; };
		24FBC8CD26002E2C0015238A /* OrderDetailViewController.swift */ = {isa = PBXFileReference; lastKnownFileType = sourcecode.swift; path = OrderDetailViewController.swift; sourceTree = "<group>"; };
		24FE7A5025FC3674005B965A /* LoginTableViewController.swift */ = {isa = PBXFileReference; lastKnownFileType = sourcecode.swift; path = LoginTableViewController.swift; sourceTree = "<group>"; };
		24FE7A5425FC4052005B965A /* GHConstants.swift */ = {isa = PBXFileReference; lastKnownFileType = sourcecode.swift; path = GHConstants.swift; sourceTree = "<group>"; };
		6883E3D16711B53B9CED2B6B /* Pods-GimmeAHand.release.xcconfig */ = {isa = PBXFileReference; includeInIndex = 1; lastKnownFileType = text.xcconfig; name = "Pods-GimmeAHand.release.xcconfig"; path = "Target Support Files/Pods-GimmeAHand/Pods-GimmeAHand.release.xcconfig"; sourceTree = "<group>"; };
		6D32366F83A0723644BE5ACB /* Pods_GimmeAHand.framework */ = {isa = PBXFileReference; explicitFileType = wrapper.framework; includeInIndex = 0; path = Pods_GimmeAHand.framework; sourceTree = BUILT_PRODUCTS_DIR; };
		70914C3B6457422486243F35 /* Pods-GimmeAHand.debug.xcconfig */ = {isa = PBXFileReference; includeInIndex = 1; lastKnownFileType = text.xcconfig; name = "Pods-GimmeAHand.debug.xcconfig"; path = "Target Support Files/Pods-GimmeAHand/Pods-GimmeAHand.debug.xcconfig"; sourceTree = "<group>"; };
/* End PBXFileReference section */

/* Begin PBXFrameworksBuildPhase section */
		244B0BCB25F99E38001A71EB /* Frameworks */ = {
			isa = PBXFrameworksBuildPhase;
			buildActionMask = 2147483647;
			files = (
				5DD4E490803F6DB57800990A /* Pods_GimmeAHand.framework in Frameworks */,
			);
			runOnlyForDeploymentPostprocessing = 0;
		};
/* End PBXFrameworksBuildPhase section */

/* Begin PBXGroup section */
		21F56E28E79455E00DAFCBA9 /* Frameworks */ = {
			isa = PBXGroup;
			children = (
				6D32366F83A0723644BE5ACB /* Pods_GimmeAHand.framework */,
			);
			name = Frameworks;
			sourceTree = "<group>";
		};
		244B0BC525F99E38001A71EB = {
			isa = PBXGroup;
			children = (
				244B0BD025F99E38001A71EB /* GimmeAHand */,
				244B0BCF25F99E38001A71EB /* Products */,
				39294C95B065864A0A4A36DC /* Pods */,
				21F56E28E79455E00DAFCBA9 /* Frameworks */,
			);
			sourceTree = "<group>";
		};
		244B0BCF25F99E38001A71EB /* Products */ = {
			isa = PBXGroup;
			children = (
				244B0BCE25F99E38001A71EB /* GimmeAHand.app */,
			);
			name = Products;
			sourceTree = "<group>";
		};
		244B0BD025F99E38001A71EB /* GimmeAHand */ = {
			isa = PBXGroup;
			children = (
				244B0BD125F99E38001A71EB /* AppDelegate.swift */,
				244B0BD325F99E38001A71EB /* SceneDelegate.swift */,
				244B0BD525F99E38001A71EB /* ViewController.swift */,
				24FE7A5025FC3674005B965A /* LoginTableViewController.swift */,
				24FBC8C0260024590015238A /* OrderTableViewController.swift */,
				24FBC8CD26002E2C0015238A /* OrderDetailViewController.swift */,
				24FBC8C92600260B0015238A /* OrderTableViewCell.swift */,
				24FBC8C4260024870015238A /* OrderModel.swift */,
				24FE7A5425FC4052005B965A /* GHConstants.swift */,
				244B0BD725F99E38001A71EB /* Main.storyboard */,
				244B0BF425F9E12B001A71EB /* LoginRegister.storyboard */,
				244B0BED25F9DC72001A71EB /* Homepage.storyboard */,
				244B0BF025F9DC7D001A71EB /* Orders.storyboard */,
				244B0BEA25F9DC68001A71EB /* Profile.storyboard */,
				244B0BDA25F99E39001A71EB /* Assets.xcassets */,
				244B0BDC25F99E39001A71EB /* LaunchScreen.storyboard */,
				244B0BDF25F99E39001A71EB /* Info.plist */,
			);
			path = GimmeAHand;
			sourceTree = "<group>";
		};
		39294C95B065864A0A4A36DC /* Pods */ = {
			isa = PBXGroup;
			children = (
				70914C3B6457422486243F35 /* Pods-GimmeAHand.debug.xcconfig */,
				6883E3D16711B53B9CED2B6B /* Pods-GimmeAHand.release.xcconfig */,
			);
			path = Pods;
			sourceTree = "<group>";
		};
/* End PBXGroup section */

/* Begin PBXNativeTarget section */
		244B0BCD25F99E38001A71EB /* GimmeAHand */ = {
			isa = PBXNativeTarget;
			buildConfigurationList = 244B0BE225F99E39001A71EB /* Build configuration list for PBXNativeTarget "GimmeAHand" */;
			buildPhases = (
				9FA3F9F593BAEEC349B3B9D1 /* [CP] Check Pods Manifest.lock */,
				244B0BCA25F99E38001A71EB /* Sources */,
				244B0BCB25F99E38001A71EB /* Frameworks */,
				244B0BCC25F99E38001A71EB /* Resources */,
				2AC3505893D4E056CF5E325D /* [CP] Embed Pods Frameworks */,
			);
			buildRules = (
			);
			dependencies = (
			);
			name = GimmeAHand;
			productName = GimmeAHand;
			productReference = 244B0BCE25F99E38001A71EB /* GimmeAHand.app */;
			productType = "com.apple.product-type.application";
		};
/* End PBXNativeTarget section */

/* Begin PBXProject section */
		244B0BC625F99E38001A71EB /* Project object */ = {
			isa = PBXProject;
			attributes = {
				LastSwiftUpdateCheck = 1240;
				LastUpgradeCheck = 1240;
				TargetAttributes = {
					244B0BCD25F99E38001A71EB = {
						CreatedOnToolsVersion = 12.4;
					};
				};
			};
			buildConfigurationList = 244B0BC925F99E38001A71EB /* Build configuration list for PBXProject "GimmeAHand" */;
			compatibilityVersion = "Xcode 9.3";
			developmentRegion = en;
			hasScannedForEncodings = 0;
			knownRegions = (
				en,
				Base,
			);
			mainGroup = 244B0BC525F99E38001A71EB;
			productRefGroup = 244B0BCF25F99E38001A71EB /* Products */;
			projectDirPath = "";
			projectRoot = "";
			targets = (
				244B0BCD25F99E38001A71EB /* GimmeAHand */,
			);
		};
/* End PBXProject section */

/* Begin PBXResourcesBuildPhase section */
		244B0BCC25F99E38001A71EB /* Resources */ = {
			isa = PBXResourcesBuildPhase;
			buildActionMask = 2147483647;
			files = (
				244B0BDE25F99E39001A71EB /* LaunchScreen.storyboard in Resources */,
				244B0BF125F9DC7D001A71EB /* Orders.storyboard in Resources */,
				244B0BDB25F99E39001A71EB /* Assets.xcassets in Resources */,
				244B0BEE25F9DC72001A71EB /* Homepage.storyboard in Resources */,
				244B0BF525F9E12B001A71EB /* LoginRegister.storyboard in Resources */,
				244B0BEB25F9DC68001A71EB /* Profile.storyboard in Resources */,
				244B0BD925F99E38001A71EB /* Main.storyboard in Resources */,
			);
			runOnlyForDeploymentPostprocessing = 0;
		};
/* End PBXResourcesBuildPhase section */

/* Begin PBXShellScriptBuildPhase section */
		2AC3505893D4E056CF5E325D /* [CP] Embed Pods Frameworks */ = {
			isa = PBXShellScriptBuildPhase;
			buildActionMask = 2147483647;
			files = (
			);
			inputFileListPaths = (
				"${PODS_ROOT}/Target Support Files/Pods-GimmeAHand/Pods-GimmeAHand-frameworks-${CONFIGURATION}-input-files.xcfilelist",
			);
			name = "[CP] Embed Pods Frameworks";
			outputFileListPaths = (
				"${PODS_ROOT}/Target Support Files/Pods-GimmeAHand/Pods-GimmeAHand-frameworks-${CONFIGURATION}-output-files.xcfilelist",
			);
			runOnlyForDeploymentPostprocessing = 0;
			shellPath = /bin/sh;
			shellScript = "\"${PODS_ROOT}/Target Support Files/Pods-GimmeAHand/Pods-GimmeAHand-frameworks.sh\"\n";
			showEnvVarsInLog = 0;
		};
		9FA3F9F593BAEEC349B3B9D1 /* [CP] Check Pods Manifest.lock */ = {
			isa = PBXShellScriptBuildPhase;
			buildActionMask = 2147483647;
			files = (
			);
			inputFileListPaths = (
			);
			inputPaths = (
				"${PODS_PODFILE_DIR_PATH}/Podfile.lock",
				"${PODS_ROOT}/Manifest.lock",
			);
			name = "[CP] Check Pods Manifest.lock";
			outputFileListPaths = (
			);
			outputPaths = (
				"$(DERIVED_FILE_DIR)/Pods-GimmeAHand-checkManifestLockResult.txt",
			);
			runOnlyForDeploymentPostprocessing = 0;
			shellPath = /bin/sh;
			shellScript = "diff \"${PODS_PODFILE_DIR_PATH}/Podfile.lock\" \"${PODS_ROOT}/Manifest.lock\" > /dev/null\nif [ $? != 0 ] ; then\n    # print error to STDERR\n    echo \"error: The sandbox is not in sync with the Podfile.lock. Run 'pod install' or update your CocoaPods installation.\" >&2\n    exit 1\nfi\n# This output is used by Xcode 'outputs' to avoid re-running this script phase.\necho \"SUCCESS\" > \"${SCRIPT_OUTPUT_FILE_0}\"\n";
			showEnvVarsInLog = 0;
		};
/* End PBXShellScriptBuildPhase section */

/* Begin PBXSourcesBuildPhase section */
		244B0BCA25F99E38001A71EB /* Sources */ = {
			isa = PBXSourcesBuildPhase;
			buildActionMask = 2147483647;
			files = (
				24FBC8CE26002E2C0015238A /* OrderDetailViewController.swift in Sources */,
				244B0BD625F99E38001A71EB /* ViewController.swift in Sources */,
				24FE7A5125FC3674005B965A /* LoginTableViewController.swift in Sources */,
				24FBC8CA2600260B0015238A /* OrderTableViewCell.swift in Sources */,
				244B0BD225F99E38001A71EB /* AppDelegate.swift in Sources */,
				24FBC8C5260024870015238A /* OrderModel.swift in Sources */,
				24FE7A5525FC4052005B965A /* GHConstants.swift in Sources */,
				24FBC8C1260024590015238A /* OrderTableViewController.swift in Sources */,
				244B0BD425F99E38001A71EB /* SceneDelegate.swift in Sources */,
			);
			runOnlyForDeploymentPostprocessing = 0;
		};
/* End PBXSourcesBuildPhase section */

/* Begin PBXVariantGroup section */
		244B0BD725F99E38001A71EB /* Main.storyboard */ = {
			isa = PBXVariantGroup;
			children = (
				244B0BD825F99E38001A71EB /* Base */,
			);
			name = Main.storyboard;
			sourceTree = "<group>";
		};
		244B0BDC25F99E39001A71EB /* LaunchScreen.storyboard */ = {
			isa = PBXVariantGroup;
			children = (
				244B0BDD25F99E39001A71EB /* Base */,
			);
			name = LaunchScreen.storyboard;
			sourceTree = "<group>";
		};
/* End PBXVariantGroup section */

/* Begin XCBuildConfiguration section */
		244B0BE025F99E39001A71EB /* Debug */ = {
			isa = XCBuildConfiguration;
			buildSettings = {
				ALWAYS_SEARCH_USER_PATHS = NO;
				CLANG_ANALYZER_NONNULL = YES;
				CLANG_ANALYZER_NUMBER_OBJECT_CONVERSION = YES_AGGRESSIVE;
				CLANG_CXX_LANGUAGE_STANDARD = "gnu++14";
				CLANG_CXX_LIBRARY = "libc++";
				CLANG_ENABLE_MODULES = YES;
				CLANG_ENABLE_OBJC_ARC = YES;
				CLANG_ENABLE_OBJC_WEAK = YES;
				CLANG_WARN_BLOCK_CAPTURE_AUTORELEASING = YES;
				CLANG_WARN_BOOL_CONVERSION = YES;
				CLANG_WARN_COMMA = YES;
				CLANG_WARN_CONSTANT_CONVERSION = YES;
				CLANG_WARN_DEPRECATED_OBJC_IMPLEMENTATIONS = YES;
				CLANG_WARN_DIRECT_OBJC_ISA_USAGE = YES_ERROR;
				CLANG_WARN_DOCUMENTATION_COMMENTS = YES;
				CLANG_WARN_EMPTY_BODY = YES;
				CLANG_WARN_ENUM_CONVERSION = YES;
				CLANG_WARN_INFINITE_RECURSION = YES;
				CLANG_WARN_INT_CONVERSION = YES;
				CLANG_WARN_NON_LITERAL_NULL_CONVERSION = YES;
				CLANG_WARN_OBJC_IMPLICIT_RETAIN_SELF = YES;
				CLANG_WARN_OBJC_LITERAL_CONVERSION = YES;
				CLANG_WARN_OBJC_ROOT_CLASS = YES_ERROR;
				CLANG_WARN_QUOTED_INCLUDE_IN_FRAMEWORK_HEADER = YES;
				CLANG_WARN_RANGE_LOOP_ANALYSIS = YES;
				CLANG_WARN_STRICT_PROTOTYPES = YES;
				CLANG_WARN_SUSPICIOUS_MOVE = YES;
				CLANG_WARN_UNGUARDED_AVAILABILITY = YES_AGGRESSIVE;
				CLANG_WARN_UNREACHABLE_CODE = YES;
				CLANG_WARN__DUPLICATE_METHOD_MATCH = YES;
				COPY_PHASE_STRIP = NO;
				DEBUG_INFORMATION_FORMAT = dwarf;
				ENABLE_STRICT_OBJC_MSGSEND = YES;
				ENABLE_TESTABILITY = YES;
				GCC_C_LANGUAGE_STANDARD = gnu11;
				GCC_DYNAMIC_NO_PIC = NO;
				GCC_NO_COMMON_BLOCKS = YES;
				GCC_OPTIMIZATION_LEVEL = 0;
				GCC_PREPROCESSOR_DEFINITIONS = (
					"DEBUG=1",
					"$(inherited)",
				);
				GCC_WARN_64_TO_32_BIT_CONVERSION = YES;
				GCC_WARN_ABOUT_RETURN_TYPE = YES_ERROR;
				GCC_WARN_UNDECLARED_SELECTOR = YES;
				GCC_WARN_UNINITIALIZED_AUTOS = YES_AGGRESSIVE;
				GCC_WARN_UNUSED_FUNCTION = YES;
				GCC_WARN_UNUSED_VARIABLE = YES;
				IPHONEOS_DEPLOYMENT_TARGET = 14.4;
				MTL_ENABLE_DEBUG_INFO = INCLUDE_SOURCE;
				MTL_FAST_MATH = YES;
				ONLY_ACTIVE_ARCH = YES;
				SDKROOT = iphoneos;
				SWIFT_ACTIVE_COMPILATION_CONDITIONS = DEBUG;
				SWIFT_OPTIMIZATION_LEVEL = "-Onone";
			};
			name = Debug;
		};
		244B0BE125F99E39001A71EB /* Release */ = {
			isa = XCBuildConfiguration;
			buildSettings = {
				ALWAYS_SEARCH_USER_PATHS = NO;
				CLANG_ANALYZER_NONNULL = YES;
				CLANG_ANALYZER_NUMBER_OBJECT_CONVERSION = YES_AGGRESSIVE;
				CLANG_CXX_LANGUAGE_STANDARD = "gnu++14";
				CLANG_CXX_LIBRARY = "libc++";
				CLANG_ENABLE_MODULES = YES;
				CLANG_ENABLE_OBJC_ARC = YES;
				CLANG_ENABLE_OBJC_WEAK = YES;
				CLANG_WARN_BLOCK_CAPTURE_AUTORELEASING = YES;
				CLANG_WARN_BOOL_CONVERSION = YES;
				CLANG_WARN_COMMA = YES;
				CLANG_WARN_CONSTANT_CONVERSION = YES;
				CLANG_WARN_DEPRECATED_OBJC_IMPLEMENTATIONS = YES;
				CLANG_WARN_DIRECT_OBJC_ISA_USAGE = YES_ERROR;
				CLANG_WARN_DOCUMENTATION_COMMENTS = YES;
				CLANG_WARN_EMPTY_BODY = YES;
				CLANG_WARN_ENUM_CONVERSION = YES;
				CLANG_WARN_INFINITE_RECURSION = YES;
				CLANG_WARN_INT_CONVERSION = YES;
				CLANG_WARN_NON_LITERAL_NULL_CONVERSION = YES;
				CLANG_WARN_OBJC_IMPLICIT_RETAIN_SELF = YES;
				CLANG_WARN_OBJC_LITERAL_CONVERSION = YES;
				CLANG_WARN_OBJC_ROOT_CLASS = YES_ERROR;
				CLANG_WARN_QUOTED_INCLUDE_IN_FRAMEWORK_HEADER = YES;
				CLANG_WARN_RANGE_LOOP_ANALYSIS = YES;
				CLANG_WARN_STRICT_PROTOTYPES = YES;
				CLANG_WARN_SUSPICIOUS_MOVE = YES;
				CLANG_WARN_UNGUARDED_AVAILABILITY = YES_AGGRESSIVE;
				CLANG_WARN_UNREACHABLE_CODE = YES;
				CLANG_WARN__DUPLICATE_METHOD_MATCH = YES;
				COPY_PHASE_STRIP = NO;
				DEBUG_INFORMATION_FORMAT = "dwarf-with-dsym";
				ENABLE_NS_ASSERTIONS = NO;
				ENABLE_STRICT_OBJC_MSGSEND = YES;
				GCC_C_LANGUAGE_STANDARD = gnu11;
				GCC_NO_COMMON_BLOCKS = YES;
				GCC_WARN_64_TO_32_BIT_CONVERSION = YES;
				GCC_WARN_ABOUT_RETURN_TYPE = YES_ERROR;
				GCC_WARN_UNDECLARED_SELECTOR = YES;
				GCC_WARN_UNINITIALIZED_AUTOS = YES_AGGRESSIVE;
				GCC_WARN_UNUSED_FUNCTION = YES;
				GCC_WARN_UNUSED_VARIABLE = YES;
				IPHONEOS_DEPLOYMENT_TARGET = 14.4;
				MTL_ENABLE_DEBUG_INFO = NO;
				MTL_FAST_MATH = YES;
				SDKROOT = iphoneos;
				SWIFT_COMPILATION_MODE = wholemodule;
				SWIFT_OPTIMIZATION_LEVEL = "-O";
				VALIDATE_PRODUCT = YES;
			};
			name = Release;
		};
		244B0BE325F99E39001A71EB /* Debug */ = {
			isa = XCBuildConfiguration;
			baseConfigurationReference = 70914C3B6457422486243F35 /* Pods-GimmeAHand.debug.xcconfig */;
			buildSettings = {
				ASSETCATALOG_COMPILER_APPICON_NAME = AppIcon;
				ASSETCATALOG_COMPILER_GLOBAL_ACCENT_COLOR_NAME = AccentColor;
				CODE_SIGN_STYLE = Automatic;
				DEVELOPMENT_TEAM = VEBQ28K9EA;
				INFOPLIST_FILE = GimmeAHand/Info.plist;
				LD_RUNPATH_SEARCH_PATHS = (
					"$(inherited)",
					"@executable_path/Frameworks",
				);
				PRODUCT_BUNDLE_IDENTIFIER = com.krayc.GimmeAHand;
				PRODUCT_NAME = "$(TARGET_NAME)";
				SWIFT_VERSION = 5.0;
				TARGETED_DEVICE_FAMILY = "1,2";
			};
			name = Debug;
		};
		244B0BE425F99E39001A71EB /* Release */ = {
			isa = XCBuildConfiguration;
			baseConfigurationReference = 6883E3D16711B53B9CED2B6B /* Pods-GimmeAHand.release.xcconfig */;
			buildSettings = {
				ASSETCATALOG_COMPILER_APPICON_NAME = AppIcon;
				ASSETCATALOG_COMPILER_GLOBAL_ACCENT_COLOR_NAME = AccentColor;
				CODE_SIGN_STYLE = Automatic;
				DEVELOPMENT_TEAM = VEBQ28K9EA;
				INFOPLIST_FILE = GimmeAHand/Info.plist;
				LD_RUNPATH_SEARCH_PATHS = (
					"$(inherited)",
					"@executable_path/Frameworks",
				);
				PRODUCT_BUNDLE_IDENTIFIER = com.krayc.GimmeAHand;
				PRODUCT_NAME = "$(TARGET_NAME)";
				SWIFT_VERSION = 5.0;
				TARGETED_DEVICE_FAMILY = "1,2";
			};
			name = Release;
		};
/* End XCBuildConfiguration section */

/* Begin XCConfigurationList section */
		244B0BC925F99E38001A71EB /* Build configuration list for PBXProject "GimmeAHand" */ = {
			isa = XCConfigurationList;
			buildConfigurations = (
				244B0BE025F99E39001A71EB /* Debug */,
				244B0BE125F99E39001A71EB /* Release */,
			);
			defaultConfigurationIsVisible = 0;
			defaultConfigurationName = Release;
		};
		244B0BE225F99E39001A71EB /* Build configuration list for PBXNativeTarget "GimmeAHand" */ = {
			isa = XCConfigurationList;
			buildConfigurations = (
				244B0BE325F99E39001A71EB /* Debug */,
				244B0BE425F99E39001A71EB /* Release */,
			);
			defaultConfigurationIsVisible = 0;
			defaultConfigurationName = Release;
		};
/* End XCConfigurationList section */
	};
	rootObject = 244B0BC625F99E38001A71EB /* Project object */;
}
